
Microsoft Visual Studio Solution File, Format Version 12.00
# Visual Studio Version 16
VisualStudioVersion = 16.0.28922.388
MinimumVisualStudioVersion = 10.0.40219.1
Project("{FAE04EC0-301F-11D3-BF4B-00C04F79EFBC}") = "04-Fiap.Web.AspNet", "04-Fiap.Web.AspNet\04-Fiap.Web.AspNet.csproj", "{4896B0F3-888E-430A-841E-B0E5C60FCEFF}"
EndProject
Global
	GlobalSection(SolutionConfigurationPlatforms) = preSolution
		Debug|Any CPU = Debug|Any CPU
		Release|Any CPU = Release|Any CPU
	EndGlobalSection
	GlobalSection(ProjectConfigurationPlatforms) = postSolution
		{4896B0F3-888E-430A-841E-B0E5C60FCEFF}.Debug|Any CPU.ActiveCfg = Debug|Any CPU
		{4896B0F3-888E-430A-841E-B0E5C60FCEFF}.Debug|Any CPU.Build.0 = Debug|Any CPU
		{4896B0F3-888E-430A-841E-B0E5C60FCEFF}.Release|Any CPU.ActiveCfg = Release|Any CPU
		{4896B0F3-888E-430A-841E-B0E5C60FCEFF}.Release|Any CPU.Build.0 = Release|Any CPU
	EndGlobalSection
	GlobalSection(SolutionProperties) = preSolution
		HideSolutionNode = FALSE
	EndGlobalSection
	GlobalSection(ExtensibilityGlobals) = postSolution
		SolutionGuid = {7AB67C97-F65B-4655-9515-AC80BD8B2265}
	EndGlobalSection
EndGlobal
