
Microsoft Visual Studio Solution File, Format Version 12.00
# Visual Studio Version 16
VisualStudioVersion = 16.0.28922.388
MinimumVisualStudioVersion = 10.0.40219.1
Project("{FAE04EC0-301F-11D3-BF4B-00C04F79EFBC}") = "03-Fiap.Web.AspNet", "03-Fiap.Web.AspNet\03-Fiap.Web.AspNet.csproj", "{15030CEA-B13C-4609-B8BE-0555FDD5165F}"
EndProject
Global
	GlobalSection(SolutionConfigurationPlatforms) = preSolution
		Debug|Any CPU = Debug|Any CPU
		Release|Any CPU = Release|Any CPU
	EndGlobalSection
	GlobalSection(ProjectConfigurationPlatforms) = postSolution
		{15030CEA-B13C-4609-B8BE-0555FDD5165F}.Debug|Any CPU.ActiveCfg = Debug|Any CPU
		{15030CEA-B13C-4609-B8BE-0555FDD5165F}.Debug|Any CPU.Build.0 = Debug|Any CPU
		{15030CEA-B13C-4609-B8BE-0555FDD5165F}.Release|Any CPU.ActiveCfg = Release|Any CPU
		{15030CEA-B13C-4609-B8BE-0555FDD5165F}.Release|Any CPU.Build.0 = Release|Any CPU
	EndGlobalSection
	GlobalSection(SolutionProperties) = preSolution
		HideSolutionNode = FALSE
	EndGlobalSection
	GlobalSection(ExtensibilityGlobals) = postSolution
		SolutionGuid = {E6E2F591-4823-40BF-BFE6-F64DF40EB1A1}
	EndGlobalSection
EndGlobal
